
Microsoft Visual Studio Solution File, Format Version 12.00
# Visual Studio Version 17
VisualStudioVersion = 17.6.33815.320
MinimumVisualStudioVersion = 10.0.40219.1
Project("{9A19103F-16F7-4668-BE54-9A1E7A4F7556}") = "PromptPlayground", "PromptPlayground\PromptPlayground.csproj", "{0452BA27-AF15-4889-B534-E85EE87E422B}"
EndProject
Project("{9A19103F-16F7-4668-BE54-9A1E7A4F7556}") = "PromptPlayground.Desktop", "PromptPlayground.Desktop\PromptPlayground.Desktop.csproj", "{B6BD7C7B-F0A5-4060-905A-CBCA026C1DDA}"
EndProject
Project("{2150E333-8FDC-42A3-9474-1A3956D46DE8}") = "Solution Items", "Solution Items", "{DBEE43A7-A207-4531-AB49-FE0D366424D6}"
	ProjectSection(SolutionItems) = preProject
		Directory.Build.props = Directory.Build.props
	EndProjectSection
EndProject
Global
	GlobalSection(SolutionConfigurationPlatforms) = preSolution
		Debug|Any CPU = Debug|Any CPU
		Release|Any CPU = Release|Any CPU
	EndGlobalSection
	GlobalSection(ProjectConfigurationPlatforms) = postSolution
		{0452BA27-AF15-4889-B534-E85EE87E422B}.Debug|Any CPU.ActiveCfg = Debug|Any CPU
		{0452BA27-AF15-4889-B534-E85EE87E422B}.Debug|Any CPU.Build.0 = Debug|Any CPU
		{0452BA27-AF15-4889-B534-E85EE87E422B}.Release|Any CPU.ActiveCfg = Release|Any CPU
		{0452BA27-AF15-4889-B534-E85EE87E422B}.Release|Any CPU.Build.0 = Release|Any CPU
		{B6BD7C7B-F0A5-4060-905A-CBCA026C1DDA}.Debug|Any CPU.ActiveCfg = Debug|Any CPU
		{B6BD7C7B-F0A5-4060-905A-CBCA026C1DDA}.Debug|Any CPU.Build.0 = Debug|Any CPU
		{B6BD7C7B-F0A5-4060-905A-CBCA026C1DDA}.Release|Any CPU.ActiveCfg = Release|Any CPU
		{B6BD7C7B-F0A5-4060-905A-CBCA026C1DDA}.Release|Any CPU.Build.0 = Release|Any CPU
	EndGlobalSection
	GlobalSection(SolutionProperties) = preSolution
		HideSolutionNode = FALSE
	EndGlobalSection
	GlobalSection(ExtensibilityGlobals) = postSolution
		SolutionGuid = {DC3B9235-110A-41D4-80FF-1BB0DE75AEDF}
	EndGlobalSection
EndGlobal
